
Microsoft Visual Studio Solution File, Format Version 12.00
# Visual Studio 15
VisualStudioVersion = 15.0.27428.2015
MinimumVisualStudioVersion = 10.0.40219.1
Project("{FAE04EC0-301F-11D3-BF4B-00C04F79EFBC}") = "PleskTest1", "PleskTest1\PleskTest1.csproj", "{FFFAF8E5-2F88-41CF-A08D-9D8736BE1822}"
EndProject
Global
	GlobalSection(SolutionConfigurationPlatforms) = preSolution
		Debug|Any CPU = Debug|Any CPU
		Release|Any CPU = Release|Any CPU
	EndGlobalSection
	GlobalSection(ProjectConfigurationPlatforms) = postSolution
		{FFFAF8E5-2F88-41CF-A08D-9D8736BE1822}.Debug|Any CPU.ActiveCfg = Debug|Any CPU
		{FFFAF8E5-2F88-41CF-A08D-9D8736BE1822}.Debug|Any CPU.Build.0 = Debug|Any CPU
		{FFFAF8E5-2F88-41CF-A08D-9D8736BE1822}.Release|Any CPU.ActiveCfg = Release|Any CPU
		{FFFAF8E5-2F88-41CF-A08D-9D8736BE1822}.Release|Any CPU.Build.0 = Release|Any CPU
	EndGlobalSection
	GlobalSection(SolutionProperties) = preSolution
		HideSolutionNode = FALSE
	EndGlobalSection
	GlobalSection(ExtensibilityGlobals) = postSolution
		SolutionGuid = {F9256C96-D4F2-48C9-AE81-D4FBA6D8C28C}
	EndGlobalSection
EndGlobal
