
Microsoft Visual Studio Solution File, Format Version 12.00
# Visual Studio 15
VisualStudioVersion = 15.0.27130.2036
MinimumVisualStudioVersion = 10.0.40219.1
Project("{FAE04EC0-301F-11D3-BF4B-00C04F79EFBC}") = "ReadySetResource", "ReadySetResource\ReadySetResource.csproj", "{3129D6DC-597C-44E9-B4A5-3273FD01438E}"
EndProject
Global
	GlobalSection(SolutionConfigurationPlatforms) = preSolution
		Debug|Any CPU = Debug|Any CPU
		Release|Any CPU = Release|Any CPU
	EndGlobalSection
	GlobalSection(ProjectConfigurationPlatforms) = postSolution
		{3129D6DC-597C-44E9-B4A5-3273FD01438E}.Debug|Any CPU.ActiveCfg = Debug|Any CPU
		{3129D6DC-597C-44E9-B4A5-3273FD01438E}.Debug|Any CPU.Build.0 = Debug|Any CPU
		{3129D6DC-597C-44E9-B4A5-3273FD01438E}.Release|Any CPU.ActiveCfg = Release|Any CPU
		{3129D6DC-597C-44E9-B4A5-3273FD01438E}.Release|Any CPU.Build.0 = Release|Any CPU
	EndGlobalSection
	GlobalSection(SolutionProperties) = preSolution
		HideSolutionNode = FALSE
	EndGlobalSection
	GlobalSection(ExtensibilityGlobals) = postSolution
		SolutionGuid = {1F511073-5CAF-4C5A-8EB6-C805CAEC06EB}
	EndGlobalSection
EndGlobal
